
Microsoft Visual Studio Solution File, Format Version 12.00
# Visual Studio 14
VisualStudioVersion = 14.0.24720.0
MinimumVisualStudioVersion = 10.0.40219.1
Project("{8BC9CEB8-8B4A-11D0-8D11-00A0C91BC942}") = "00_06_02_fileDemo1_01", "00_06_02_fileDemo1_01\00_06_02_fileDemo1_01.vcxproj", "{7E32C8E4-DB7B-45CC-A5C7-909F5BEA5335}"
EndProject
Global
	GlobalSection(SolutionConfigurationPlatforms) = preSolution
		Debug|x64 = Debug|x64
		Debug|x86 = Debug|x86
		Release|x64 = Release|x64
		Release|x86 = Release|x86
	EndGlobalSection
	GlobalSection(ProjectConfigurationPlatforms) = postSolution
		{7E32C8E4-DB7B-45CC-A5C7-909F5BEA5335}.Debug|x64.ActiveCfg = Debug|x64
		{7E32C8E4-DB7B-45CC-A5C7-909F5BEA5335}.Debug|x64.Build.0 = Debug|x64
		{7E32C8E4-DB7B-45CC-A5C7-909F5BEA5335}.Debug|x86.ActiveCfg = Debug|Win32
		{7E32C8E4-DB7B-45CC-A5C7-909F5BEA5335}.Debug|x86.Build.0 = Debug|Win32
		{7E32C8E4-DB7B-45CC-A5C7-909F5BEA5335}.Release|x64.ActiveCfg = Release|x64
		{7E32C8E4-DB7B-45CC-A5C7-909F5BEA5335}.Release|x64.Build.0 = Release|x64
		{7E32C8E4-DB7B-45CC-A5C7-909F5BEA5335}.Release|x86.ActiveCfg = Release|Win32
		{7E32C8E4-DB7B-45CC-A5C7-909F5BEA5335}.Release|x86.Build.0 = Release|Win32
	EndGlobalSection
	GlobalSection(SolutionProperties) = preSolution
		HideSolutionNode = FALSE
	EndGlobalSection
EndGlobal
